
Microsoft Visual Studio Solution File, Format Version 12.00
# Visual Studio Version 17
VisualStudioVersion = 17.14.36408.4
MinimumVisualStudioVersion = 10.0.40219.1
Project("{FAE04EC0-301F-11D3-BF4B-00C04F79EFBC}") = "FoodX.Admin", "FoodX.Admin\FoodX.Admin.csproj", "{5099CE32-D30F-432F-8E7F-606A088807EF}"
EndProject
Project("{FAE04EC0-301F-11D3-BF4B-00C04F79EFBC}") = "FoodX.Buyer", "FoodX.Buyer\FoodX.Buyer.csproj", "{F6B2551E-FFA4-481A-BEB0-7BE860808D80}"
EndProject
Project("{FAE04EC0-301F-11D3-BF4B-00C04F79EFBC}") = "FoodX.Supplier", "FoodX.Supplier\FoodX.Supplier.csproj", "{D5757D99-BCC7-4D84-9B93-E39D735E45F9}"
EndProject
Project("{FAE04EC0-301F-11D3-BF4B-00C04F79EFBC}") = "FoodX.Marketplace", "FoodX.Marketplace\FoodX.Marketplace.csproj", "{12A8AD4A-2BDC-43A7-9D4B-6AA2A2D48CB0}"
EndProject
Project("{FAE04EC0-301F-11D3-BF4B-00C04F79EFBC}") = "FoodX.Core", "FoodX.Core\FoodX.Core.csproj", "{AB77B109-D9D1-4A1A-A95D-557EDFBCE7D5}"
EndProject
Project("{FAE04EC0-301F-11D3-BF4B-00C04F79EFBC}") = "FoodX.SharedUI", "FoodX.SharedUI\FoodX.SharedUI.csproj", "{50CA5564-0DD4-4E43-9713-BC765CF73D58}"
EndProject
Global
	GlobalSection(SolutionConfigurationPlatforms) = preSolution
		Debug|Any CPU = Debug|Any CPU
		Debug|x64 = Debug|x64
		Debug|x86 = Debug|x86
		Release|Any CPU = Release|Any CPU
		Release|x64 = Release|x64
		Release|x86 = Release|x86
	EndGlobalSection
	GlobalSection(ProjectConfigurationPlatforms) = postSolution
		{5099CE32-D30F-432F-8E7F-606A088807EF}.Debug|Any CPU.ActiveCfg = Debug|Any CPU
		{5099CE32-D30F-432F-8E7F-606A088807EF}.Debug|Any CPU.Build.0 = Debug|Any CPU
		{5099CE32-D30F-432F-8E7F-606A088807EF}.Debug|x64.ActiveCfg = Debug|Any CPU
		{5099CE32-D30F-432F-8E7F-606A088807EF}.Debug|x64.Build.0 = Debug|Any CPU
		{5099CE32-D30F-432F-8E7F-606A088807EF}.Debug|x86.ActiveCfg = Debug|Any CPU
		{5099CE32-D30F-432F-8E7F-606A088807EF}.Debug|x86.Build.0 = Debug|Any CPU
		{5099CE32-D30F-432F-8E7F-606A088807EF}.Release|Any CPU.ActiveCfg = Release|Any CPU
		{5099CE32-D30F-432F-8E7F-606A088807EF}.Release|Any CPU.Build.0 = Release|Any CPU
		{5099CE32-D30F-432F-8E7F-606A088807EF}.Release|x64.ActiveCfg = Release|Any CPU
		{5099CE32-D30F-432F-8E7F-606A088807EF}.Release|x64.Build.0 = Release|Any CPU
		{5099CE32-D30F-432F-8E7F-606A088807EF}.Release|x86.ActiveCfg = Release|Any CPU
		{5099CE32-D30F-432F-8E7F-606A088807EF}.Release|x86.Build.0 = Release|Any CPU
		{F6B2551E-FFA4-481A-BEB0-7BE860808D80}.Debug|Any CPU.ActiveCfg = Debug|Any CPU
		{F6B2551E-FFA4-481A-BEB0-7BE860808D80}.Debug|Any CPU.Build.0 = Debug|Any CPU
		{F6B2551E-FFA4-481A-BEB0-7BE860808D80}.Debug|x64.ActiveCfg = Debug|Any CPU
		{F6B2551E-FFA4-481A-BEB0-7BE860808D80}.Debug|x64.Build.0 = Debug|Any CPU
		{F6B2551E-FFA4-481A-BEB0-7BE860808D80}.Debug|x86.ActiveCfg = Debug|Any CPU
		{F6B2551E-FFA4-481A-BEB0-7BE860808D80}.Debug|x86.Build.0 = Debug|Any CPU
		{F6B2551E-FFA4-481A-BEB0-7BE860808D80}.Release|Any CPU.ActiveCfg = Release|Any CPU
		{F6B2551E-FFA4-481A-BEB0-7BE860808D80}.Release|Any CPU.Build.0 = Release|Any CPU
		{F6B2551E-FFA4-481A-BEB0-7BE860808D80}.Release|x64.ActiveCfg = Release|Any CPU
		{F6B2551E-FFA4-481A-BEB0-7BE860808D80}.Release|x64.Build.0 = Release|Any CPU
		{F6B2551E-FFA4-481A-BEB0-7BE860808D80}.Release|x86.ActiveCfg = Release|Any CPU
		{F6B2551E-FFA4-481A-BEB0-7BE860808D80}.Release|x86.Build.0 = Release|Any CPU
		{D5757D99-BCC7-4D84-9B93-E39D735E45F9}.Debug|Any CPU.ActiveCfg = Debug|Any CPU
		{D5757D99-BCC7-4D84-9B93-E39D735E45F9}.Debug|Any CPU.Build.0 = Debug|Any CPU
		{D5757D99-BCC7-4D84-9B93-E39D735E45F9}.Debug|x64.ActiveCfg = Debug|Any CPU
		{D5757D99-BCC7-4D84-9B93-E39D735E45F9}.Debug|x64.Build.0 = Debug|Any CPU
		{D5757D99-BCC7-4D84-9B93-E39D735E45F9}.Debug|x86.ActiveCfg = Debug|Any CPU
		{D5757D99-BCC7-4D84-9B93-E39D735E45F9}.Debug|x86.Build.0 = Debug|Any CPU
		{D5757D99-BCC7-4D84-9B93-E39D735E45F9}.Release|Any CPU.ActiveCfg = Release|Any CPU
		{D5757D99-BCC7-4D84-9B93-E39D735E45F9}.Release|Any CPU.Build.0 = Release|Any CPU
		{D5757D99-BCC7-4D84-9B93-E39D735E45F9}.Release|x64.ActiveCfg = Release|Any CPU
		{D5757D99-BCC7-4D84-9B93-E39D735E45F9}.Release|x64.Build.0 = Release|Any CPU
		{D5757D99-BCC7-4D84-9B93-E39D735E45F9}.Release|x86.ActiveCfg = Release|Any CPU
		{D5757D99-BCC7-4D84-9B93-E39D735E45F9}.Release|x86.Build.0 = Release|Any CPU
		{12A8AD4A-2BDC-43A7-9D4B-6AA2A2D48CB0}.Debug|Any CPU.ActiveCfg = Debug|Any CPU
		{12A8AD4A-2BDC-43A7-9D4B-6AA2A2D48CB0}.Debug|Any CPU.Build.0 = Debug|Any CPU
		{12A8AD4A-2BDC-43A7-9D4B-6AA2A2D48CB0}.Debug|x64.ActiveCfg = Debug|Any CPU
		{12A8AD4A-2BDC-43A7-9D4B-6AA2A2D48CB0}.Debug|x64.Build.0 = Debug|Any CPU
		{12A8AD4A-2BDC-43A7-9D4B-6AA2A2D48CB0}.Debug|x86.ActiveCfg = Debug|Any CPU
		{12A8AD4A-2BDC-43A7-9D4B-6AA2A2D48CB0}.Debug|x86.Build.0 = Debug|Any CPU
		{12A8AD4A-2BDC-43A7-9D4B-6AA2A2D48CB0}.Release|Any CPU.ActiveCfg = Release|Any CPU
		{12A8AD4A-2BDC-43A7-9D4B-6AA2A2D48CB0}.Release|Any CPU.Build.0 = Release|Any CPU
		{12A8AD4A-2BDC-43A7-9D4B-6AA2A2D48CB0}.Release|x64.ActiveCfg = Release|Any CPU
		{12A8AD4A-2BDC-43A7-9D4B-6AA2A2D48CB0}.Release|x64.Build.0 = Release|Any CPU
		{12A8AD4A-2BDC-43A7-9D4B-6AA2A2D48CB0}.Release|x86.ActiveCfg = Release|Any CPU
		{12A8AD4A-2BDC-43A7-9D4B-6AA2A2D48CB0}.Release|x86.Build.0 = Release|Any CPU
		{AB77B109-D9D1-4A1A-A95D-557EDFBCE7D5}.Debug|Any CPU.ActiveCfg = Debug|Any CPU
		{AB77B109-D9D1-4A1A-A95D-557EDFBCE7D5}.Debug|Any CPU.Build.0 = Debug|Any CPU
		{AB77B109-D9D1-4A1A-A95D-557EDFBCE7D5}.Debug|x64.ActiveCfg = Debug|Any CPU
		{AB77B109-D9D1-4A1A-A95D-557EDFBCE7D5}.Debug|x64.Build.0 = Debug|Any CPU
		{AB77B109-D9D1-4A1A-A95D-557EDFBCE7D5}.Debug|x86.ActiveCfg = Debug|Any CPU
		{AB77B109-D9D1-4A1A-A95D-557EDFBCE7D5}.Debug|x86.Build.0 = Debug|Any CPU
		{AB77B109-D9D1-4A1A-A95D-557EDFBCE7D5}.Release|Any CPU.ActiveCfg = Release|Any CPU
		{AB77B109-D9D1-4A1A-A95D-557EDFBCE7D5}.Release|Any CPU.Build.0 = Release|Any CPU
		{AB77B109-D9D1-4A1A-A95D-557EDFBCE7D5}.Release|x64.ActiveCfg = Release|Any CPU
		{AB77B109-D9D1-4A1A-A95D-557EDFBCE7D5}.Release|x64.Build.0 = Release|Any CPU
		{AB77B109-D9D1-4A1A-A95D-557EDFBCE7D5}.Release|x86.ActiveCfg = Release|Any CPU
		{AB77B109-D9D1-4A1A-A95D-557EDFBCE7D5}.Release|x86.Build.0 = Release|Any CPU
		{50CA5564-0DD4-4E43-9713-BC765CF73D58}.Debug|Any CPU.ActiveCfg = Debug|Any CPU
		{50CA5564-0DD4-4E43-9713-BC765CF73D58}.Debug|Any CPU.Build.0 = Debug|Any CPU
		{50CA5564-0DD4-4E43-9713-BC765CF73D58}.Debug|x64.ActiveCfg = Debug|Any CPU
		{50CA5564-0DD4-4E43-9713-BC765CF73D58}.Debug|x64.Build.0 = Debug|Any CPU
		{50CA5564-0DD4-4E43-9713-BC765CF73D58}.Debug|x86.ActiveCfg = Debug|Any CPU
		{50CA5564-0DD4-4E43-9713-BC765CF73D58}.Debug|x86.Build.0 = Debug|Any CPU
		{50CA5564-0DD4-4E43-9713-BC765CF73D58}.Release|Any CPU.ActiveCfg = Release|Any CPU
		{50CA5564-0DD4-4E43-9713-BC765CF73D58}.Release|Any CPU.Build.0 = Release|Any CPU
		{50CA5564-0DD4-4E43-9713-BC765CF73D58}.Release|x64.ActiveCfg = Release|Any CPU
		{50CA5564-0DD4-4E43-9713-BC765CF73D58}.Release|x64.Build.0 = Release|Any CPU
		{50CA5564-0DD4-4E43-9713-BC765CF73D58}.Release|x86.ActiveCfg = Release|Any CPU
		{50CA5564-0DD4-4E43-9713-BC765CF73D58}.Release|x86.Build.0 = Release|Any CPU
	EndGlobalSection
	GlobalSection(SolutionProperties) = preSolution
		HideSolutionNode = FALSE
	EndGlobalSection
	GlobalSection(ExtensibilityGlobals) = postSolution
		SolutionGuid = {F15F8796-6AC9-4E9E-9740-6EEF4E21D3FE}
	EndGlobalSection
EndGlobal
