
Microsoft Visual Studio Solution File, Format Version 12.00
# Visual Studio Version 17
VisualStudioVersion = 17.0.31903.59
MinimumVisualStudioVersion = 10.0.40219.1
Project("{2150E333-8FDC-42A3-9474-1A3956D46DE8}") = "src", "src", "{827E0CD3-B72D-47B6-A68D-7590B98EB39B}"
EndProject
Project("{FAE04EC0-301F-11D3-BF4B-00C04F79EFBC}") = "FoodXchange.Api", "src\FoodXchange.Api\FoodXchange.Api.csproj", "{37C7D73D-1F47-4F67-977F-A84750CC638E}"
EndProject
Project("{FAE04EC0-301F-11D3-BF4B-00C04F79EFBC}") = "FoodXchange.App", "src\FoodXchange.App\FoodXchange.App.csproj", "{6254E31E-EB3C-43AB-84E6-2672091EAC55}"
EndProject
Project("{FAE04EC0-301F-11D3-BF4B-00C04F79EFBC}") = "FoodXchange.Application", "src\FoodXchange.Application\FoodXchange.Application.csproj", "{9635E16E-B2BE-4594-9061-CCEE14DF5F36}"
EndProject
Project("{FAE04EC0-301F-11D3-BF4B-00C04F79EFBC}") = "FoodXchange.Domain", "src\FoodXchange.Domain\FoodXchange.Domain.csproj", "{27098E9A-3342-491A-8C0A-984DD2B255EB}"
EndProject
Project("{FAE04EC0-301F-11D3-BF4B-00C04F79EFBC}") = "FoodXchange.Infrastructure", "src\FoodXchange.Infrastructure\FoodXchange.Infrastructure.csproj", "{DE523313-7CC7-4599-8205-29CC2849D556}"
EndProject
Project("{FAE04EC0-301F-11D3-BF4B-00C04F79EFBC}") = "FoodXchange.Application.Tests", "tests\FoodXchange.Application.Tests\FoodXchange.Application.Tests.csproj", "{061E391B-90AD-449B-8F19-3DE2F79CD97B}"
EndProject
Project("{FAE04EC0-301F-11D3-BF4B-00C04F79EFBC}") = "FoodXchange.Domain.Tests", "tests\FoodXchange.Domain.Tests\FoodXchange.Domain.Tests.csproj", "{96D2AC89-BE5D-409E-B5F2-887E95C2D20B}"
EndProject
Global
	GlobalSection(SolutionConfigurationPlatforms) = preSolution
		Debug|Any CPU = Debug|Any CPU
		Debug|x64 = Debug|x64
		Debug|x86 = Debug|x86
		Release|Any CPU = Release|Any CPU
		Release|x64 = Release|x64
		Release|x86 = Release|x86
	EndGlobalSection
	GlobalSection(ProjectConfigurationPlatforms) = postSolution
		{37C7D73D-1F47-4F67-977F-A84750CC638E}.Debug|Any CPU.ActiveCfg = Debug|Any CPU
		{37C7D73D-1F47-4F67-977F-A84750CC638E}.Debug|Any CPU.Build.0 = Debug|Any CPU
		{37C7D73D-1F47-4F67-977F-A84750CC638E}.Debug|x64.ActiveCfg = Debug|Any CPU
		{37C7D73D-1F47-4F67-977F-A84750CC638E}.Debug|x64.Build.0 = Debug|Any CPU
		{37C7D73D-1F47-4F67-977F-A84750CC638E}.Debug|x86.ActiveCfg = Debug|Any CPU
		{37C7D73D-1F47-4F67-977F-A84750CC638E}.Debug|x86.Build.0 = Debug|Any CPU
		{37C7D73D-1F47-4F67-977F-A84750CC638E}.Release|Any CPU.ActiveCfg = Release|Any CPU
		{37C7D73D-1F47-4F67-977F-A84750CC638E}.Release|Any CPU.Build.0 = Release|Any CPU
		{37C7D73D-1F47-4F67-977F-A84750CC638E}.Release|x64.ActiveCfg = Release|Any CPU
		{37C7D73D-1F47-4F67-977F-A84750CC638E}.Release|x64.Build.0 = Release|Any CPU
		{37C7D73D-1F47-4F67-977F-A84750CC638E}.Release|x86.ActiveCfg = Release|Any CPU
		{37C7D73D-1F47-4F67-977F-A84750CC638E}.Release|x86.Build.0 = Release|Any CPU
		{6254E31E-EB3C-43AB-84E6-2672091EAC55}.Debug|Any CPU.ActiveCfg = Debug|Any CPU
		{6254E31E-EB3C-43AB-84E6-2672091EAC55}.Debug|Any CPU.Build.0 = Debug|Any CPU
		{6254E31E-EB3C-43AB-84E6-2672091EAC55}.Debug|x64.ActiveCfg = Debug|Any CPU
		{6254E31E-EB3C-43AB-84E6-2672091EAC55}.Debug|x64.Build.0 = Debug|Any CPU
		{6254E31E-EB3C-43AB-84E6-2672091EAC55}.Debug|x86.ActiveCfg = Debug|Any CPU
		{6254E31E-EB3C-43AB-84E6-2672091EAC55}.Debug|x86.Build.0 = Debug|Any CPU
		{6254E31E-EB3C-43AB-84E6-2672091EAC55}.Release|Any CPU.ActiveCfg = Release|Any CPU
		{6254E31E-EB3C-43AB-84E6-2672091EAC55}.Release|Any CPU.Build.0 = Release|Any CPU
		{6254E31E-EB3C-43AB-84E6-2672091EAC55}.Release|x64.ActiveCfg = Release|Any CPU
		{6254E31E-EB3C-43AB-84E6-2672091EAC55}.Release|x64.Build.0 = Release|Any CPU
		{6254E31E-EB3C-43AB-84E6-2672091EAC55}.Release|x86.ActiveCfg = Release|Any CPU
		{6254E31E-EB3C-43AB-84E6-2672091EAC55}.Release|x86.Build.0 = Release|Any CPU
		{9635E16E-B2BE-4594-9061-CCEE14DF5F36}.Debug|Any CPU.ActiveCfg = Debug|Any CPU
		{9635E16E-B2BE-4594-9061-CCEE14DF5F36}.Debug|Any CPU.Build.0 = Debug|Any CPU
		{9635E16E-B2BE-4594-9061-CCEE14DF5F36}.Debug|x64.ActiveCfg = Debug|Any CPU
		{9635E16E-B2BE-4594-9061-CCEE14DF5F36}.Debug|x64.Build.0 = Debug|Any CPU
		{9635E16E-B2BE-4594-9061-CCEE14DF5F36}.Debug|x86.ActiveCfg = Debug|Any CPU
		{9635E16E-B2BE-4594-9061-CCEE14DF5F36}.Debug|x86.Build.0 = Debug|Any CPU
		{9635E16E-B2BE-4594-9061-CCEE14DF5F36}.Release|Any CPU.ActiveCfg = Release|Any CPU
		{9635E16E-B2BE-4594-9061-CCEE14DF5F36}.Release|Any CPU.Build.0 = Release|Any CPU
		{9635E16E-B2BE-4594-9061-CCEE14DF5F36}.Release|x64.ActiveCfg = Release|Any CPU
		{9635E16E-B2BE-4594-9061-CCEE14DF5F36}.Release|x64.Build.0 = Release|Any CPU
		{9635E16E-B2BE-4594-9061-CCEE14DF5F36}.Release|x86.ActiveCfg = Release|Any CPU
		{9635E16E-B2BE-4594-9061-CCEE14DF5F36}.Release|x86.Build.0 = Release|Any CPU
		{27098E9A-3342-491A-8C0A-984DD2B255EB}.Debug|Any CPU.ActiveCfg = Debug|Any CPU
		{27098E9A-3342-491A-8C0A-984DD2B255EB}.Debug|Any CPU.Build.0 = Debug|Any CPU
		{27098E9A-3342-491A-8C0A-984DD2B255EB}.Debug|x64.ActiveCfg = Debug|Any CPU
		{27098E9A-3342-491A-8C0A-984DD2B255EB}.Debug|x64.Build.0 = Debug|Any CPU
		{27098E9A-3342-491A-8C0A-984DD2B255EB}.Debug|x86.ActiveCfg = Debug|Any CPU
		{27098E9A-3342-491A-8C0A-984DD2B255EB}.Debug|x86.Build.0 = Debug|Any CPU
		{27098E9A-3342-491A-8C0A-984DD2B255EB}.Release|Any CPU.ActiveCfg = Release|Any CPU
		{27098E9A-3342-491A-8C0A-984DD2B255EB}.Release|Any CPU.Build.0 = Release|Any CPU
		{27098E9A-3342-491A-8C0A-984DD2B255EB}.Release|x64.ActiveCfg = Release|Any CPU
		{27098E9A-3342-491A-8C0A-984DD2B255EB}.Release|x64.Build.0 = Release|Any CPU
		{27098E9A-3342-491A-8C0A-984DD2B255EB}.Release|x86.ActiveCfg = Release|Any CPU
		{27098E9A-3342-491A-8C0A-984DD2B255EB}.Release|x86.Build.0 = Release|Any CPU
		{DE523313-7CC7-4599-8205-29CC2849D556}.Debug|Any CPU.ActiveCfg = Debug|Any CPU
		{DE523313-7CC7-4599-8205-29CC2849D556}.Debug|Any CPU.Build.0 = Debug|Any CPU
		{DE523313-7CC7-4599-8205-29CC2849D556}.Debug|x64.ActiveCfg = Debug|Any CPU
		{DE523313-7CC7-4599-8205-29CC2849D556}.Debug|x64.Build.0 = Debug|Any CPU
		{DE523313-7CC7-4599-8205-29CC2849D556}.Debug|x86.ActiveCfg = Debug|Any CPU
		{DE523313-7CC7-4599-8205-29CC2849D556}.Debug|x86.Build.0 = Debug|Any CPU
		{DE523313-7CC7-4599-8205-29CC2849D556}.Release|Any CPU.ActiveCfg = Release|Any CPU
		{DE523313-7CC7-4599-8205-29CC2849D556}.Release|Any CPU.Build.0 = Release|Any CPU
		{DE523313-7CC7-4599-8205-29CC2849D556}.Release|x64.ActiveCfg = Release|Any CPU
		{DE523313-7CC7-4599-8205-29CC2849D556}.Release|x64.Build.0 = Release|Any CPU
		{DE523313-7CC7-4599-8205-29CC2849D556}.Release|x86.ActiveCfg = Release|Any CPU
		{DE523313-7CC7-4599-8205-29CC2849D556}.Release|x86.Build.0 = Release|Any CPU
		{061E391B-90AD-449B-8F19-3DE2F79CD97B}.Debug|Any CPU.ActiveCfg = Debug|Any CPU
		{061E391B-90AD-449B-8F19-3DE2F79CD97B}.Debug|Any CPU.Build.0 = Debug|Any CPU
		{061E391B-90AD-449B-8F19-3DE2F79CD97B}.Debug|x64.ActiveCfg = Debug|Any CPU
		{061E391B-90AD-449B-8F19-3DE2F79CD97B}.Debug|x64.Build.0 = Debug|Any CPU
		{061E391B-90AD-449B-8F19-3DE2F79CD97B}.Debug|x86.ActiveCfg = Debug|Any CPU
		{061E391B-90AD-449B-8F19-3DE2F79CD97B}.Debug|x86.Build.0 = Debug|Any CPU
		{061E391B-90AD-449B-8F19-3DE2F79CD97B}.Release|Any CPU.ActiveCfg = Release|Any CPU
		{061E391B-90AD-449B-8F19-3DE2F79CD97B}.Release|Any CPU.Build.0 = Release|Any CPU
		{061E391B-90AD-449B-8F19-3DE2F79CD97B}.Release|x64.ActiveCfg = Release|Any CPU
		{061E391B-90AD-449B-8F19-3DE2F79CD97B}.Release|x64.Build.0 = Release|Any CPU
		{061E391B-90AD-449B-8F19-3DE2F79CD97B}.Release|x86.ActiveCfg = Release|Any CPU
		{061E391B-90AD-449B-8F19-3DE2F79CD97B}.Release|x86.Build.0 = Release|Any CPU
		{96D2AC89-BE5D-409E-B5F2-887E95C2D20B}.Debug|Any CPU.ActiveCfg = Debug|Any CPU
		{96D2AC89-BE5D-409E-B5F2-887E95C2D20B}.Debug|Any CPU.Build.0 = Debug|Any CPU
		{96D2AC89-BE5D-409E-B5F2-887E95C2D20B}.Debug|x64.ActiveCfg = Debug|Any CPU
		{96D2AC89-BE5D-409E-B5F2-887E95C2D20B}.Debug|x64.Build.0 = Debug|Any CPU
		{96D2AC89-BE5D-409E-B5F2-887E95C2D20B}.Debug|x86.ActiveCfg = Debug|Any CPU
		{96D2AC89-BE5D-409E-B5F2-887E95C2D20B}.Debug|x86.Build.0 = Debug|Any CPU
		{96D2AC89-BE5D-409E-B5F2-887E95C2D20B}.Release|Any CPU.ActiveCfg = Release|Any CPU
		{96D2AC89-BE5D-409E-B5F2-887E95C2D20B}.Release|Any CPU.Build.0 = Release|Any CPU
		{96D2AC89-BE5D-409E-B5F2-887E95C2D20B}.Release|x64.ActiveCfg = Release|Any CPU
		{96D2AC89-BE5D-409E-B5F2-887E95C2D20B}.Release|x64.Build.0 = Release|Any CPU
		{96D2AC89-BE5D-409E-B5F2-887E95C2D20B}.Release|x86.ActiveCfg = Release|Any CPU
		{96D2AC89-BE5D-409E-B5F2-887E95C2D20B}.Release|x86.Build.0 = Release|Any CPU
	EndGlobalSection
	GlobalSection(SolutionProperties) = preSolution
		HideSolutionNode = FALSE
	EndGlobalSection
	GlobalSection(NestedProjects) = preSolution
		{37C7D73D-1F47-4F67-977F-A84750CC638E} = {827E0CD3-B72D-47B6-A68D-7590B98EB39B}
		{6254E31E-EB3C-43AB-84E6-2672091EAC55} = {827E0CD3-B72D-47B6-A68D-7590B98EB39B}
		{9635E16E-B2BE-4594-9061-CCEE14DF5F36} = {827E0CD3-B72D-47B6-A68D-7590B98EB39B}
		{27098E9A-3342-491A-8C0A-984DD2B255EB} = {827E0CD3-B72D-47B6-A68D-7590B98EB39B}
		{DE523313-7CC7-4599-8205-29CC2849D556} = {827E0CD3-B72D-47B6-A68D-7590B98EB39B}
		{061E391B-90AD-449B-8F19-3DE2F79CD97B} = {827E0CD3-B72D-47B6-A68D-7590B98EB39B}
		{96D2AC89-BE5D-409E-B5F2-887E95C2D20B} = {827E0CD3-B72D-47B6-A68D-7590B98EB39B}
	EndGlobalSection
EndGlobal
